github.com/btcsuite/btcd/btcec/v2 v2.2.1 h1:xP60mv8fvp+0khmrN0zTdPC3cNm24rfeE6lh2R/Yv3E=
github.com/creack/pty v1.1.9/go.mod h1:oKZEueFk5CKHvIhNR5MUki03XCEU+Q6VDXinZuGJ33E=
github.com/davecgh/go-spew v1.1.1 h1:vj9j/u1bqnvCEfJOwUhtlOARqs3+rkHYY13jYWTU97c=
github.com/decred/dcrd/dcrec/secp256k1/v4 v4.1.0 h1:HbphB4TFFXpv7MNrT52FGrrgVXF1owhMVTHFZIlnvd4=
github.com/ethereum/go-ethereum v1.10.26 h1:i/7d9RBBwiXCEuyduBQzJw/mKmnvzsN14jqBmytw72s=
github.com/ethereum/go-ethereum v1.10.26/go.mod h1:EYFyF19u3ezGLD4RqOkLq+ZCXzYbLoNDdZlMt7kyKFg=
github.com/ethereum/go-ethereum v1.11.1 h1:EMymmWFzpS7G9l9NvVN8G73cgdUIqDPNRf2YTSGBXlk=
github.com/ethereum/go-ethereum v1.11.1/go.mod h1:DuefStAgaxoaYGLR0FueVcVbehmn5n9QUcVrMCuOvuc=
github.com/google/uuid v1.2.0 h1:qJYtXnJRWmpe7m/3XlyhrsLrEURqHRM2kxzoxXqyUDs=
github.com/google/uuid v1.2.0/go.mod h1:TIyPZe4MgqvfeYDBFedMoGGpEw/LqOeaOT+nhxU+yHo=
github.com/google/uuid v1.3.0 h1:t6JiXgmwXMjEs8VusXIJk2BXHsn+wx8BZdTaoZ5fu7I=
github.com/google/uuid v1.3.0/go.mod h1:TIyPZe4MgqvfeYDBFedMoGGpEw/LqOeaOT+nhxU+yHo=
github.com/iancoleman/orderedmap v0.2.0 h1:sq1N/TFpYH++aViPcaKjys3bDClUEU7s5B+z6jq8pNA=
github.com/iancoleman/orderedmap v0.2.0/go.mod h1:N0Wam8K1arqPXNWjMo21EXnBPOPp36vB07FNRdD2geA=
github.com/iotaledger/hive.go/constraints v0.0.0-20230216124949-dcd0bf545fea h1:9HTkpKWhvtQitzxf7ezy7Z5yIQy0JTBxMSCUUQGefks=
github.com/iotaledger/hive.go/constraints v0.0.0-20230216124949-dcd0bf545fea/go.mod h1:16WGpe7P5mImhARq+/sxejNalr6OyQM1coGyBwM931Q=
github.com/iotaledger/hive.go/constraints v0.0.0-20230220150729-64609143e29e h1:000vgivCR2Cl2uONV+0jO9d+HxJ2u5IFG5CiQ93761E=
github.com/iotaledger/hive.go/constraints v0.0.0-20230220150729-64609143e29e/go.mod h1:16WGpe7P5mImhARq+/sxejNalr6OyQM1coGyBwM931Q=
github.com/iotaledger/hive.go/ds v0.0.0-20230220131054-9fc1d8a45f04 h1:TqGnbQp40b853uuPzlJwDPBr4oOMY5ZxOU6PvrnTTb4=
github.com/iotaledger/hive.go/ds v0.0.0-20230220131054-9fc1d8a45f04/go.mod h1:eU34QQFxo1jGsbC9b8Fs7gsZXjM+orMtqTUJm4LJyMU=
github.com/iotaledger/hive.go/ds v0.0.0-20230220150729-64609143e29e h1:O3Cr4awVrNGPD02CZX38Z1OWfiOptEw5GKETc7/91qI=
github.com/iotaledger/hive.go/ds v0.0.0-20230220150729-64609143e29e/go.mod h1:eU34QQFxo1jGsbC9b8Fs7gsZXjM+orMtqTUJm4LJyMU=
github.com/iotaledger/hive.go/kvstore v0.0.0-20230220150729-64609143e29e h1:YEngvL7NeuXxlVNUtO3SXMQjTiPSH9pkjQwm5dzWmyQ=
github.com/iotaledger/hive.go/kvstore v0.0.0-20230220150729-64609143e29e/go.mod h1:C7BaNIGlaW5K5ZWsbBsMRemIl/xdRrilSiY/3TAopLs=
github.com/iotaledger/hive.go/runtime v0.0.0-20230220131221-b56c7a9b2fc8 h1:hpM8T3G+3dh+ecdfiwuU2mt39y/SCjVnjVCTlHKlpeU=
github.com/iotaledger/hive.go/runtime v0.0.0-20230220131221-b56c7a9b2fc8/go.mod h1:enklcWD5HEiVyxrtf7sCfp6C9ol1xviLw2wZ1JruiWg=
github.com/iotaledger/hive.go/runtime v0.0.0-20230220150729-64609143e29e h1:qhPQPufW8NG6RzNlLhp7r+2EXrM/FYJJMhCPi82v9B4=
github.com/iotaledger/hive.go/runtime v0.0.0-20230220150729-64609143e29e/go.mod h1:enklcWD5HEiVyxrtf7sCfp6C9ol1xviLw2wZ1JruiWg=
github.com/iotaledger/hive.go/serializer/v2 v2.0.0-rc.1.0.20230220125853-8ead6385152c h1:+NRlIJ4TKMRyvyHrfwBM8z2ZLBy+3vMt6RtQp/Ww2RE=
github.com/iotaledger/hive.go/serializer/v2 v2.0.0-rc.1.0.20230220125853-8ead6385152c/go.mod h1:1A+evr4i4J/ZbIzlEjcehdlvH6mS2uyr9ZYeH7MvdJI=
github.com/iotaledger/hive.go/stringify v0.0.0-20230220125853-8ead6385152c h1:dgzSzWdRvfdPblxmiVWpkZUZgU8Hk/Ii9St7uxXsV38=
github.com/iotaledger/hive.go/stringify v0.0.0-20230220125853-8ead6385152c/go.mod h1:l/F3cA/+67QdNj+sohv2v4HhmsdOcWScoA+sVYoAE4c=
github.com/iotaledger/hive.go/stringify v0.0.0-20230220150729-64609143e29e h1:tAESzSdIY6XTqypSOmGeGSBN2N4zAfeZ651uURnDDTU=
github.com/iotaledger/hive.go/stringify v0.0.0-20230220150729-64609143e29e/go.mod h1:l/F3cA/+67QdNj+sohv2v4HhmsdOcWScoA+sVYoAE4c=
github.com/ipfs/go-datastore v0.6.0 h1:JKyz+Gvz1QEZw0LsX1IBn+JFCJQH4SJVFtM4uWU0Myk=
github.com/ipfs/go-datastore v0.6.0/go.mod h1:rt5M3nNbSO/8q1t4LNkLyUwRs8HupMeN/8O4Vn9YAT8=
github.com/ipfs/go-detect-race v0.0.1 h1:qX/xay2W3E4Q1U7d9lNs1sU9nvguX0a7319XbyQ6cOk=
github.com/ipfs/go-detect-race v0.0.1/go.mod h1:8BNT7shDZPo99Q74BpGMK+4D8Mn4j46UU0LZ723meps=
github.com/jbenet/go-cienv v0.1.0/go.mod h1:TqNnHUmJgXau0nCzC7kXWeotg3J9W34CUv5Djy1+FlA=
github.com/jbenet/goprocess v0.1.4 h1:DRGOFReOMqqDNXwW70QkacFW0YN9QnwLV0Vqk+3oU0o=
github.com/jbenet/goprocess v0.1.4/go.mod h1:5yspPrukOVuOLORacaBi858NqyClJPQxYZlqdZVfqY4=
github.com/kr/pretty v0.3.1 h1:flRD4NNwYAUpkphVc1HcthR4KEIFJ65n8Mw5qdRn3LE=
github.com/kr/text v0.2.0 h1:5Nx0Ya0ZqY2ygV366QzturHI13Jq95ApcVaJBhpS+AY=
github.com/kr/text v0.2.0/go.mod h1:eLer722TekiGuMkidMxC/pM04lWEeraHUUmBw8l2grE=
github.com/mr-tron/base58 v1.2.0 h1:T/HDJBh4ZCPbU39/+c3rRvE0uKBQlU27+QI8LJ4t64o=
github.com/petermattis/goid v0.0.0-20180202154549-b0b1615b78e5/go.mod h1:jvVRKCrJTQWu0XVbaOlby/2lO20uSCHEMzzplHXte1o=
github.com/petermattis/goid v0.0.0-20221215004737-a150e88a970d h1:htwtWgtQo8YS6JFWWi2DNgY0RwSGJ1ruMoxY6CUUclk=
github.com/petermattis/goid v0.0.0-20221215004737-a150e88a970d/go.mod h1:pxMtw7cyUw6B2bRH0ZBANSPg+AoSud1I1iyJHI69jH4=
github.com/pkg/errors v0.9.1 h1:FEBLx1zS214owpjy7qsBeixbURkuhQAwrK5UwLGTwt4=
github.com/pkg/errors v0.9.1/go.mod h1:bwawxfHBFNV+L2hUp1rHADufV3IMtnDRdf1r5NINEl0=
github.com/pmezard/go-difflib v1.0.0 h1:4DBwDE0NGyQoBHbLQYPwSUPoCMWR5BEzIk/f1lZbAQM=
github.com/rogpeppe/go-internal v1.9.0 h1:73kH8U+JUqXU8lRuOHeVHaa/SZPifC7BkcraZVejAe8=
github.com/sasha-s/go-deadlock v0.3.1 h1:sqv7fDNShgjcaxkO0JNcOAlr8B9+cV5Ey/OB71efZx0=
github.com/sasha-s/go-deadlock v0.3.1/go.mod h1:F73l+cr82YSh10GxyRI6qZiCgK64VaZjwesgfQ1/iLM=
github.com/stretchr/testify v1.8.1 h1:w7B6lhMri9wdJUVmEZPGGhZzrYTPvgJArz7wNPgYKsk=
golang.org/x/crypto v0.4.0 h1:UVQgzMY87xqpKNgb+kDsll2Igd33HszWHFLmpaRMq/8=
golang.org/x/sys v0.3.0 h1:w8ZOecv6NaNa/zC8944JTU3vz4u6Lagfk4RPQxv92NQ=
golang.org/x/xerrors v0.0.0-20220907171357-04be3eba64a2 h1:H2TDz8ibqkAF6YGhCdN3jS9O0/s90v0rJh3X/OLHEUk=
golang.org/x/xerrors v0.0.0-20220907171357-04be3eba64a2/go.mod h1:K8+ghG5WaK9qNqU5K3HdILfMLy1f3aNYFI/wnl100a8=
gopkg.in/check.v1 v1.0.0-20201130134442-10cb98267c6c h1:Hei/4ADfdWqJk1ZMxUNpqntNwaWcugrBjAiHlqqRiVk=
gopkg.in/yaml.v3 v3.0.1 h1:fxVm/GzAzEWqLHuvctI91KS9hhNmmWOoWu0XTYJS7CA=
